
Microsoft Visual Studio Solution File, Format Version 10.00
# Visual Studio 2008
Project("{54435603-DBB4-11D2-8724-00A0C9A8B90C}") = "Meet Garments(Fisics)", "Meet Garments(Fisics)\Meet Garments(Fisics).vdproj", "{199A1BF6-A4DF-4588-8D7C-094E3CE2DFBB}"
EndProject
Global
	GlobalSection(SolutionConfigurationPlatforms) = preSolution
		Debug|Default = Debug|Default
		Release|Default = Release|Default
	EndGlobalSection
	GlobalSection(ProjectConfigurationPlatforms) = postSolution
		{199A1BF6-A4DF-4588-8D7C-094E3CE2DFBB}.Debug|Default.ActiveCfg = Debug
		{199A1BF6-A4DF-4588-8D7C-094E3CE2DFBB}.Debug|Default.Build.0 = Debug
		{199A1BF6-A4DF-4588-8D7C-094E3CE2DFBB}.Release|Default.ActiveCfg = Release
		{199A1BF6-A4DF-4588-8D7C-094E3CE2DFBB}.Release|Default.Build.0 = Release
	EndGlobalSection
	GlobalSection(SolutionProperties) = preSolution
		HideSolutionNode = FALSE
	EndGlobalSection
EndGlobal
